
Microsoft Visual Studio Solution File, Format Version 12.00
# Visual Studio Version 17
VisualStudioVersion = 17.13.35806.99
MinimumVisualStudioVersion = 10.0.40219.1
Project("{FAE04EC0-301F-11D3-BF4B-00C04F79EFBC}") = "DBOperationsWithEFCore", "DBOperationsWithEFCore\DBOperationsWithEFCore.csproj", "{E0AA908C-5DBD-49A5-8444-7B53C2323C22}"
EndProject
Global
	GlobalSection(SolutionConfigurationPlatforms) = preSolution
		Debug|Any CPU = Debug|Any CPU
		Release|Any CPU = Release|Any CPU
	EndGlobalSection
	GlobalSection(ProjectConfigurationPlatforms) = postSolution
		{E0AA908C-5DBD-49A5-8444-7B53C2323C22}.Debug|Any CPU.ActiveCfg = Debug|Any CPU
		{E0AA908C-5DBD-49A5-8444-7B53C2323C22}.Debug|Any CPU.Build.0 = Debug|Any CPU
		{E0AA908C-5DBD-49A5-8444-7B53C2323C22}.Release|Any CPU.ActiveCfg = Release|Any CPU
		{E0AA908C-5DBD-49A5-8444-7B53C2323C22}.Release|Any CPU.Build.0 = Release|Any CPU
	EndGlobalSection
	GlobalSection(SolutionProperties) = preSolution
		HideSolutionNode = FALSE
	EndGlobalSection
	GlobalSection(ExtensibilityGlobals) = postSolution
		SolutionGuid = {D1B4CC2B-6312-40FC-8CAE-6FC04203B05D}
	EndGlobalSection
EndGlobal
